
Microsoft Visual Studio Solution File, Format Version 12.00
# Visual Studio 15
VisualStudioVersion = 15.0.28307.852
MinimumVisualStudioVersion = 10.0.40219.1
Project("{FAE04EC0-301F-11D3-BF4B-00C04F79EFBC}") = "TaxProEinvoiceApiIntigrationDemo.NET", "TaxProEinvoiceApiIntigrationDemo.NET\TaxProEinvoiceApiIntigrationDemo.NET.csproj", "{46858F06-DEC7-4E84-85D4-4D60D78376E9}"
EndProject
Global
	GlobalSection(SolutionConfigurationPlatforms) = preSolution
		Debug|Any CPU = Debug|Any CPU
		Release|Any CPU = Release|Any CPU
	EndGlobalSection
	GlobalSection(ProjectConfigurationPlatforms) = postSolution
		{46858F06-DEC7-4E84-85D4-4D60D78376E9}.Debug|Any CPU.ActiveCfg = Debug|Any CPU
		{46858F06-DEC7-4E84-85D4-4D60D78376E9}.Debug|Any CPU.Build.0 = Debug|Any CPU
		{46858F06-DEC7-4E84-85D4-4D60D78376E9}.Release|Any CPU.ActiveCfg = Release|Any CPU
		{46858F06-DEC7-4E84-85D4-4D60D78376E9}.Release|Any CPU.Build.0 = Release|Any CPU
	EndGlobalSection
	GlobalSection(SolutionProperties) = preSolution
		HideSolutionNode = FALSE
	EndGlobalSection
	GlobalSection(ExtensibilityGlobals) = postSolution
		SolutionGuid = {AACC005C-B307-4D6C-B1F1-651B60F80339}
	EndGlobalSection
EndGlobal
